
Microsoft Visual Studio Solution File, Format Version 12.00
# Visual Studio Version 16
VisualStudioVersion = 16.0.29411.108
MinimumVisualStudioVersion = 10.0.40219.1
Project("{FAE04EC0-301F-11D3-BF4B-00C04F79EFBC}") = "CommandLineSample", "CommandLineSample\CommandLineSample.csproj", "{4FC39D8D-2C8E-4000-A343-B35E16B5EC50}"
EndProject
Global
	GlobalSection(SolutionConfigurationPlatforms) = preSolution
		Debug|Any CPU = Debug|Any CPU
		Release|Any CPU = Release|Any CPU
	EndGlobalSection
	GlobalSection(ProjectConfigurationPlatforms) = postSolution
		{4FC39D8D-2C8E-4000-A343-B35E16B5EC50}.Debug|Any CPU.ActiveCfg = Debug|Any CPU
		{4FC39D8D-2C8E-4000-A343-B35E16B5EC50}.Debug|Any CPU.Build.0 = Debug|Any CPU
		{4FC39D8D-2C8E-4000-A343-B35E16B5EC50}.Release|Any CPU.ActiveCfg = Release|Any CPU
		{4FC39D8D-2C8E-4000-A343-B35E16B5EC50}.Release|Any CPU.Build.0 = Release|Any CPU
	EndGlobalSection
	GlobalSection(SolutionProperties) = preSolution
		HideSolutionNode = FALSE
	EndGlobalSection
	GlobalSection(ExtensibilityGlobals) = postSolution
		SolutionGuid = {045E2108-12A0-4DC5-A51E-61966A264E10}
	EndGlobalSection
EndGlobal
